// !$*UTF8*$!
{
	archiveVersion = 1;
	classes = {
	};
	objectVersion = 46;
	objects = {

/* Begin PBXBuildFile section */
		1627338FD1FB4BED8589759A /* Pods_NewsDemo.framework in Frameworks */ = {isa = PBXBuildFile; fileRef = 9AEC3393C24154F72E2A2F19 /* Pods_NewsDemo.framework */; };
		85E6E84CA47617CD60758728 /* Pods_NewsDemoTests.framework in Frameworks */ = {isa = PBXBuildFile; fileRef = A449237147289A8123DF6D74 /* Pods_NewsDemoTests.framework */; };
		B612FC5A1EF166D400A5CA02 /* AppDelegate.swift in Sources */ = {isa = PBXBuildFile; fileRef = B612FC591EF166D400A5CA02 /* AppDelegate.swift */; };
		B612FC5F1EF166D400A5CA02 /* Main.storyboard in Resources */ = {isa = PBXBuildFile; fileRef = B612FC5D1EF166D400A5CA02 /* Main.storyboard */; };
		B612FC611EF166D400A5CA02 /* Assets.xcassets in Resources */ = {isa = PBXBuildFile; fileRef = B612FC601EF166D400A5CA02 /* Assets.xcassets */; };
		B612FC641EF166D400A5CA02 /* LaunchScreen.storyboard in Resources */ = {isa = PBXBuildFile; fileRef = B612FC621EF166D400A5CA02 /* LaunchScreen.storyboard */; };
		B612FC6F1EF166D400A5CA02 /* DataManagerTests.swift in Sources */ = {isa = PBXBuildFile; fileRef = B612FC6E1EF166D400A5CA02 /* DataManagerTests.swift */; };
		B612FC7A1EF1670400A5CA02 /* TopStoriesViewController.swift in Sources */ = {isa = PBXBuildFile; fileRef = B612FC791EF1670400A5CA02 /* TopStoriesViewController.swift */; };
		B612FC821EF167E500A5CA02 /* Article.swift in Sources */ = {isa = PBXBuildFile; fileRef = B612FC811EF167E500A5CA02 /* Article.swift */; };
		B612FC841EF167F700A5CA02 /* DataManager.swift in Sources */ = {isa = PBXBuildFile; fileRef = B612FC831EF167F700A5CA02 /* DataManager.swift */; };
		B612FC881EF16C2400A5CA02 /* ArticleViewModel.swift in Sources */ = {isa = PBXBuildFile; fileRef = B612FC871EF16C2400A5CA02 /* ArticleViewModel.swift */; };
		B62CE2011EF17053006E9DB6 /* ArticleTableCell.swift in Sources */ = {isa = PBXBuildFile; fileRef = B62CE1FF1EF17053006E9DB6 /* ArticleTableCell.swift */; };
		B62CE2061EF17431006E9DB6 /* LocalStorageManager.swift in Sources */ = {isa = PBXBuildFile; fileRef = B62CE2051EF17431006E9DB6 /* LocalStorageManager.swift */; };
		B67D3EBD1EF17E1C00BECF0E /* Endpoints.swift in Sources */ = {isa = PBXBuildFile; fileRef = B67D3EBC1EF17E1C00BECF0E /* Endpoints.swift */; };
		B67D3EC21EF1817200BECF0E /* ConfigValues.swift in Sources */ = {isa = PBXBuildFile; fileRef = B67D3EC11EF1817200BECF0E /* ConfigValues.swift */; };
		B67D3EC91EF1A07300BECF0E /* XCTestCaseExtensions.swift in Sources */ = {isa = PBXBuildFile; fileRef = B67D3EC81EF1A07300BECF0E /* XCTestCaseExtensions.swift */; };
		B67D3ECB1EF1A0EF00BECF0E /* ArticlesViewModelTests.swift in Sources */ = {isa = PBXBuildFile; fileRef = B67D3ECA1EF1A0EF00BECF0E /* ArticlesViewModelTests.swift */; };
		B67D3ECD1EF1A44D00BECF0E /* Errors.swift in Sources */ = {isa = PBXBuildFile; fileRef = B67D3ECC1EF1A44D00BECF0E /* Errors.swift */; };
/* End PBXBuildFile section */

/* Begin PBXContainerItemProxy section */
		B612FC6B1EF166D400A5CA02 /* PBXContainerItemProxy */ = {
			isa = PBXContainerItemProxy;
			containerPortal = B612FC4E1EF166D400A5CA02 /* Project object */;
			proxyType = 1;
			remoteGlobalIDString = B612FC551EF166D400A5CA02;
			remoteInfo = NewsDemo;
		};
/* End PBXContainerItemProxy section */

/* Begin PBXFileReference section */
		2EEE38A549002778CA60E793 /* Pods-NewsDemo.release.xcconfig */ = {isa = PBXFileReference; includeInIndex = 1; lastKnownFileType = text.xcconfig; name = "Pods-NewsDemo.release.xcconfig"; path = "Pods/Target Support Files/Pods-NewsDemo/Pods-NewsDemo.release.xcconfig"; sourceTree = "<group>"; };
		2F6F4F1E18311447F577518A /* Pods-NewsDemoTests.debug.xcconfig */ = {isa = PBXFileReference; includeInIndex = 1; lastKnownFileType = text.xcconfig; name = "Pods-NewsDemoTests.debug.xcconfig"; path = "Pods/Target Support Files/Pods-NewsDemoTests/Pods-NewsDemoTests.debug.xcconfig"; sourceTree = "<group>"; };
		6274716CFFB3BD04FC7A3DC0 /* Pods-NewsDemoTests.release.xcconfig */ = {isa = PBXFileReference; includeInIndex = 1; lastKnownFileType = text.xcconfig; name = "Pods-NewsDemoTests.release.xcconfig"; path = "Pods/Target Support Files/Pods-NewsDemoTests/Pods-NewsDemoTests.release.xcconfig"; sourceTree = "<group>"; };
		9AEC3393C24154F72E2A2F19 /* Pods_NewsDemo.framework */ = {isa = PBXFileReference; explicitFileType = wrapper.framework; includeInIndex = 0; path = Pods_NewsDemo.framework; sourceTree = BUILT_PRODUCTS_DIR; };
		A449237147289A8123DF6D74 /* Pods_NewsDemoTests.framework */ = {isa = PBXFileReference; explicitFileType = wrapper.framework; includeInIndex = 0; path = Pods_NewsDemoTests.framework; sourceTree = BUILT_PRODUCTS_DIR; };
		B465CF39570B6D566CB09A70 /* Pods-NewsDemo.debug.xcconfig */ = {isa = PBXFileReference; includeInIndex = 1; lastKnownFileType = text.xcconfig; name = "Pods-NewsDemo.debug.xcconfig"; path = "Pods/Target Support Files/Pods-NewsDemo/Pods-NewsDemo.debug.xcconfig"; sourceTree = "<group>"; };
		B612FC561EF166D400A5CA02 /* NewsDemo.app */ = {isa = PBXFileReference; explicitFileType = wrapper.application; includeInIndex = 0; path = NewsDemo.app; sourceTree = BUILT_PRODUCTS_DIR; };
		B612FC591EF166D400A5CA02 /* AppDelegate.swift */ = {isa = PBXFileReference; lastKnownFileType = sourcecode.swift; path = AppDelegate.swift; sourceTree = "<group>"; };
		B612FC5E1EF166D400A5CA02 /* Base */ = {isa = PBXFileReference; lastKnownFileType = file.storyboard; name = Base; path = Base.lproj/Main.storyboard; sourceTree = "<group>"; };
		B612FC601EF166D400A5CA02 /* Assets.xcassets */ = {isa = PBXFileReference; lastKnownFileType = folder.assetcatalog; path = Assets.xcassets; sourceTree = "<group>"; };
		B612FC631EF166D400A5CA02 /* Base */ = {isa = PBXFileReference; lastKnownFileType = file.storyboard; name = Base; path = Base.lproj/LaunchScreen.storyboard; sourceTree = "<group>"; };
		B612FC651EF166D400A5CA02 /* Info.plist */ = {isa = PBXFileReference; lastKnownFileType = text.plist.xml; path = Info.plist; sourceTree = "<group>"; };
		B612FC6A1EF166D400A5CA02 /* NewsDemoTests.xctest */ = {isa = PBXFileReference; explicitFileType = wrapper.cfbundle; includeInIndex = 0; path = NewsDemoTests.xctest; sourceTree = BUILT_PRODUCTS_DIR; };
		B612FC6E1EF166D400A5CA02 /* DataManagerTests.swift */ = {isa = PBXFileReference; lastKnownFileType = sourcecode.swift; path = DataManagerTests.swift; sourceTree = "<group>"; };
		B612FC701EF166D400A5CA02 /* Info.plist */ = {isa = PBXFileReference; lastKnownFileType = text.plist.xml; path = Info.plist; sourceTree = "<group>"; };
		B612FC791EF1670400A5CA02 /* TopStoriesViewController.swift */ = {isa = PBXFileReference; fileEncoding = 4; lastKnownFileType = sourcecode.swift; path = TopStoriesViewController.swift; sourceTree = "<group>"; };
		B612FC811EF167E500A5CA02 /* Article.swift */ = {isa = PBXFileReference; fileEncoding = 4; lastKnownFileType = sourcecode.swift; path = Article.swift; sourceTree = "<group>"; };
		B612FC831EF167F700A5CA02 /* DataManager.swift */ = {isa = PBXFileReference; fileEncoding = 4; lastKnownFileType = sourcecode.swift; path = DataManager.swift; sourceTree = "<group>"; };
		B612FC871EF16C2400A5CA02 /* ArticleViewModel.swift */ = {isa = PBXFileReference; fileEncoding = 4; lastKnownFileType = sourcecode.swift; path = ArticleViewModel.swift; sourceTree = "<group>"; };
		B62CE1FF1EF17053006E9DB6 /* ArticleTableCell.swift */ = {isa = PBXFileReference; fileEncoding = 4; lastKnownFileType = sourcecode.swift; path = ArticleTableCell.swift; sourceTree = "<group>"; };
		B62CE2051EF17431006E9DB6 /* LocalStorageManager.swift */ = {isa = PBXFileReference; fileEncoding = 4; lastKnownFileType = sourcecode.swift; path = LocalStorageManager.swift; sourceTree = "<group>"; };
		B67D3EBC1EF17E1C00BECF0E /* Endpoints.swift */ = {isa = PBXFileReference; fileEncoding = 4; lastKnownFileType = sourcecode.swift; path = Endpoints.swift; sourceTree = "<group>"; };
		B67D3EC11EF1817200BECF0E /* ConfigValues.swift */ = {isa = PBXFileReference; fileEncoding = 4; lastKnownFileType = sourcecode.swift; path = ConfigValues.swift; sourceTree = "<group>"; };
		B67D3EC81EF1A07300BECF0E /* XCTestCaseExtensions.swift */ = {isa = PBXFileReference; fileEncoding = 4; lastKnownFileType = sourcecode.swift; path = XCTestCaseExtensions.swift; sourceTree = "<group>"; };
		B67D3ECA1EF1A0EF00BECF0E /* ArticlesViewModelTests.swift */ = {isa = PBXFileReference; fileEncoding = 4; lastKnownFileType = sourcecode.swift; path = ArticlesViewModelTests.swift; sourceTree = "<group>"; };
		B67D3ECC1EF1A44D00BECF0E /* Errors.swift */ = {isa = PBXFileReference; fileEncoding = 4; lastKnownFileType = sourcecode.swift; path = Errors.swift; sourceTree = "<group>"; };
/* End PBXFileReference section */

/* Begin PBXFrameworksBuildPhase section */
		B612FC531EF166D400A5CA02 /* Frameworks */ = {
			isa = PBXFrameworksBuildPhase;
			buildActionMask = 2147483647;
			files = (
				1627338FD1FB4BED8589759A /* Pods_NewsDemo.framework in Frameworks */,
			);
			runOnlyForDeploymentPostprocessing = 0;
		};
		B612FC671EF166D400A5CA02 /* Frameworks */ = {
			isa = PBXFrameworksBuildPhase;
			buildActionMask = 2147483647;
			files = (
				85E6E84CA47617CD60758728 /* Pods_NewsDemoTests.framework in Frameworks */,
			);
			runOnlyForDeploymentPostprocessing = 0;
		};
/* End PBXFrameworksBuildPhase section */

/* Begin PBXGroup section */
		5C39ADAD09ACD01F24B4D505 /* Pods */ = {
			isa = PBXGroup;
			children = (
				B465CF39570B6D566CB09A70 /* Pods-NewsDemo.debug.xcconfig */,
				2EEE38A549002778CA60E793 /* Pods-NewsDemo.release.xcconfig */,
				2F6F4F1E18311447F577518A /* Pods-NewsDemoTests.debug.xcconfig */,
				6274716CFFB3BD04FC7A3DC0 /* Pods-NewsDemoTests.release.xcconfig */,
			);
			name = Pods;
			sourceTree = "<group>";
		};
		83556C08C3943EE61EF81CE2 /* Frameworks */ = {
			isa = PBXGroup;
			children = (
				9AEC3393C24154F72E2A2F19 /* Pods_NewsDemo.framework */,
				A449237147289A8123DF6D74 /* Pods_NewsDemoTests.framework */,
			);
			name = Frameworks;
			sourceTree = "<group>";
		};
		B60A6CE91EF1AA2900F525F9 /* Resources */ = {
			isa = PBXGroup;
			children = (
			);
			name = Resources;
			sourceTree = "<group>";
		};
		B612FC4D1EF166D400A5CA02 = {
			isa = PBXGroup;
			children = (
				B612FC581EF166D400A5CA02 /* NewsDemo */,
				B612FC6D1EF166D400A5CA02 /* NewsDemoTests */,
				B612FC571EF166D400A5CA02 /* Products */,
				5C39ADAD09ACD01F24B4D505 /* Pods */,
				83556C08C3943EE61EF81CE2 /* Frameworks */,
			);
			sourceTree = "<group>";
		};
		B612FC571EF166D400A5CA02 /* Products */ = {
			isa = PBXGroup;
			children = (
				B612FC561EF166D400A5CA02 /* NewsDemo.app */,
				B612FC6A1EF166D400A5CA02 /* NewsDemoTests.xctest */,
			);
			name = Products;
			sourceTree = "<group>";
		};
		B612FC581EF166D400A5CA02 /* NewsDemo */ = {
			isa = PBXGroup;
			children = (
				B612FC861EF1682500A5CA02 /* Resources */,
				B612FC7E1EF1673000A5CA02 /* ViewModel */,
				B612FC7D1EF1672900A5CA02 /* Controller */,
				B612FC7C1EF1672500A5CA02 /* Model */,
				B612FC7B1EF1671A00A5CA02 /* Interface */,
				B612FC591EF166D400A5CA02 /* AppDelegate.swift */,
				B612FC851EF1681300A5CA02 /* Frameworks */,
			);
			path = NewsDemo;
			sourceTree = "<group>";
		};
		B612FC6D1EF166D400A5CA02 /* NewsDemoTests */ = {
			isa = PBXGroup;
			children = (
				B60A6CE91EF1AA2900F525F9 /* Resources */,
				B67D3ECA1EF1A0EF00BECF0E /* ArticlesViewModelTests.swift */,
				B612FC6E1EF166D400A5CA02 /* DataManagerTests.swift */,
				B612FC701EF166D400A5CA02 /* Info.plist */,
				B67D3EC81EF1A07300BECF0E /* XCTestCaseExtensions.swift */,
			);
			path = NewsDemoTests;
			sourceTree = "<group>";
		};
		B612FC7B1EF1671A00A5CA02 /* Interface */ = {
			isa = PBXGroup;
			children = (
				B62CE1FE1EF1702D006E9DB6 /* Cells */,
				B612FC5D1EF166D400A5CA02 /* Main.storyboard */,
				B612FC621EF166D400A5CA02 /* LaunchScreen.storyboard */,
			);
			name = Interface;
			sourceTree = "<group>";
		};
		B612FC7C1EF1672500A5CA02 /* Model */ = {
			isa = PBXGroup;
			children = (
				B67D3EBB1EF17DEA00BECF0E /* Enum */,
				B62CE2041EF173C1006E9DB6 /* Manager */,
				B612FC801EF167B700A5CA02 /* DTO */,
			);
			name = Model;
			sourceTree = "<group>";
		};
		B612FC7D1EF1672900A5CA02 /* Controller */ = {
			isa = PBXGroup;
			children = (
				B612FC791EF1670400A5CA02 /* TopStoriesViewController.swift */,
			);
			name = Controller;
			sourceTree = "<group>";
		};
		B612FC7E1EF1673000A5CA02 /* ViewModel */ = {
			isa = PBXGroup;
			children = (
				B612FC871EF16C2400A5CA02 /* ArticleViewModel.swift */,
			);
			name = ViewModel;
			sourceTree = "<group>";
		};
		B612FC801EF167B700A5CA02 /* DTO */ = {
			isa = PBXGroup;
			children = (
				B612FC811EF167E500A5CA02 /* Article.swift */,
			);
			name = DTO;
			sourceTree = "<group>";
		};
		B612FC851EF1681300A5CA02 /* Frameworks */ = {
			isa = PBXGroup;
			children = (
			);
			name = Frameworks;
			sourceTree = "<group>";
		};
		B612FC861EF1682500A5CA02 /* Resources */ = {
			isa = PBXGroup;
			children = (
				B612FC651EF166D400A5CA02 /* Info.plist */,
				B612FC601EF166D400A5CA02 /* Assets.xcassets */,
			);
			name = Resources;
			sourceTree = "<group>";
		};
		B62CE1FE1EF1702D006E9DB6 /* Cells */ = {
			isa = PBXGroup;
			children = (
				B62CE1FF1EF17053006E9DB6 /* ArticleTableCell.swift */,
			);
			name = Cells;
			sourceTree = "<group>";
		};
		B62CE2041EF173C1006E9DB6 /* Manager */ = {
			isa = PBXGroup;
			children = (
				B612FC831EF167F700A5CA02 /* DataManager.swift */,
				B62CE2051EF17431006E9DB6 /* LocalStorageManager.swift */,
			);
			name = Manager;
			sourceTree = "<group>";
		};
		B67D3EBB1EF17DEA00BECF0E /* Enum */ = {
			isa = PBXGroup;
			children = (
				B67D3EBC1EF17E1C00BECF0E /* Endpoints.swift */,
				B67D3EC11EF1817200BECF0E /* ConfigValues.swift */,
				B67D3ECC1EF1A44D00BECF0E /* Errors.swift */,
			);
			name = Enum;
			sourceTree = "<group>";
		};
/* End PBXGroup section */

/* Begin PBXNativeTarget section */
		B612FC551EF166D400A5CA02 /* NewsDemo */ = {
			isa = PBXNativeTarget;
			buildConfigurationList = B612FC731EF166D400A5CA02 /* Build configuration list for PBXNativeTarget "NewsDemo" */;
			buildPhases = (
				8D2F79B26DA31FD7CA791F06 /* [CP] Check Pods Manifest.lock */,
				B612FC521EF166D400A5CA02 /* Sources */,
				B612FC531EF166D400A5CA02 /* Frameworks */,
				B612FC541EF166D400A5CA02 /* Resources */,
				87BDE751F97F7DE34500480D /* [CP] Embed Pods Frameworks */,
				1D67FBE67C69B5E10C7C5266 /* [CP] Copy Pods Resources */,
			);
			buildRules = (
			);
			dependencies = (
			);
			name = NewsDemo;
			productName = NewsDemo;
			productReference = B612FC561EF166D400A5CA02 /* NewsDemo.app */;
			productType = "com.apple.product-type.application";
		};
		B612FC691EF166D400A5CA02 /* NewsDemoTests */ = {
			isa = PBXNativeTarget;
			buildConfigurationList = B612FC761EF166D400A5CA02 /* Build configuration list for PBXNativeTarget "NewsDemoTests" */;
			buildPhases = (
				01F019BF5C7233C5FA469A5B /* [CP] Check Pods Manifest.lock */,
				B612FC661EF166D400A5CA02 /* Sources */,
				B612FC671EF166D400A5CA02 /* Frameworks */,
				B612FC681EF166D400A5CA02 /* Resources */,
				321EFC3C187A9980E51B3B2B /* [CP] Embed Pods Frameworks */,
				A1609D5E89F57784438609DD /* [CP] Copy Pods Resources */,
			);
			buildRules = (
			);
			dependencies = (
				B612FC6C1EF166D400A5CA02 /* PBXTargetDependency */,
			);
			name = NewsDemoTests;
			productName = NewsDemoTests;
			productReference = B612FC6A1EF166D400A5CA02 /* NewsDemoTests.xctest */;
			productType = "com.apple.product-type.bundle.unit-test";
		};
/* End PBXNativeTarget section */

/* Begin PBXProject section */
		B612FC4E1EF166D400A5CA02 /* Project object */ = {
			isa = PBXProject;
			attributes = {
				LastSwiftUpdateCheck = 0830;
				LastUpgradeCheck = 0830;
				ORGANIZATIONNAME = gzp;
				TargetAttributes = {
					B612FC551EF166D400A5CA02 = {
						CreatedOnToolsVersion = 8.3.2;
						ProvisioningStyle = Automatic;
					};
					B612FC691EF166D400A5CA02 = {
						CreatedOnToolsVersion = 8.3.2;
						ProvisioningStyle = Automatic;
						TestTargetID = B612FC551EF166D400A5CA02;
					};
				};
			};
			buildConfigurationList = B612FC511EF166D400A5CA02 /* Build configuration list for PBXProject "NewsDemo" */;
			compatibilityVersion = "Xcode 3.2";
			developmentRegion = English;
			hasScannedForEncodings = 0;
			knownRegions = (
				en,
				Base,
			);
			mainGroup = B612FC4D1EF166D400A5CA02;
			productRefGroup = B612FC571EF166D400A5CA02 /* Products */;
			projectDirPath = "";
			projectRoot = "";
			targets = (
				B612FC551EF166D400A5CA02 /* NewsDemo */,
				B612FC691EF166D400A5CA02 /* NewsDemoTests */,
			);
		};
/* End PBXProject section */

/* Begin PBXResourcesBuildPhase section */
		B612FC541EF166D400A5CA02 /* Resources */ = {
			isa = PBXResourcesBuildPhase;
			buildActionMask = 2147483647;
			files = (
				B612FC641EF166D400A5CA02 /* LaunchScreen.storyboard in Resources */,
				B612FC611EF166D400A5CA02 /* Assets.xcassets in Resources */,
				B612FC5F1EF166D400A5CA02 /* Main.storyboard in Resources */,
			);
			runOnlyForDeploymentPostprocessing = 0;
		};
		B612FC681EF166D400A5CA02 /* Resources */ = {
			isa = PBXResourcesBuildPhase;
			buildActionMask = 2147483647;
			files = (
			);
			runOnlyForDeploymentPostprocessing = 0;
		};
/* End PBXResourcesBuildPhase section */

/* Begin PBXShellScriptBuildPhase section */
		01F019BF5C7233C5FA469A5B /* [CP] Check Pods Manifest.lock */ = {
			isa = PBXShellScriptBuildPhase;
			buildActionMask = 2147483647;
			files = (
			);
			inputPaths = (
			);
			name = "[CP] Check Pods Manifest.lock";
			outputPaths = (
			);
			runOnlyForDeploymentPostprocessing = 0;
			shellPath = /bin/sh;
			shellScript = "diff \"${PODS_PODFILE_DIR_PATH}/Podfile.lock\" \"${PODS_ROOT}/Manifest.lock\" > /dev/null\nif [ $? != 0 ] ; then\n    # print error to STDERR\n    echo \"error: The sandbox is not in sync with the Podfile.lock. Run 'pod install' or update your CocoaPods installation.\" >&2\n    exit 1\nfi\n";
			showEnvVarsInLog = 0;
		};
		1D67FBE67C69B5E10C7C5266 /* [CP] Copy Pods Resources */ = {
			isa = PBXShellScriptBuildPhase;
			buildActionMask = 2147483647;
			files = (
			);
			inputPaths = (
			);
			name = "[CP] Copy Pods Resources";
			outputPaths = (
			);
			runOnlyForDeploymentPostprocessing = 0;
			shellPath = /bin/sh;
			shellScript = "\"${SRCROOT}/Pods/Target Support Files/Pods-NewsDemo/Pods-NewsDemo-resources.sh\"\n";
			showEnvVarsInLog = 0;
		};
		321EFC3C187A9980E51B3B2B /* [CP] Embed Pods Frameworks */ = {
			isa = PBXShellScriptBuildPhase;
			buildActionMask = 2147483647;
			files = (
			);
			inputPaths = (
			);
			name = "[CP] Embed Pods Frameworks";
			outputPaths = (
			);
			runOnlyForDeploymentPostprocessing = 0;
			shellPath = /bin/sh;
			shellScript = "\"${SRCROOT}/Pods/Target Support Files/Pods-NewsDemoTests/Pods-NewsDemoTests-frameworks.sh\"\n";
			showEnvVarsInLog = 0;
		};
		87BDE751F97F7DE34500480D /* [CP] Embed Pods Frameworks */ = {
			isa = PBXShellScriptBuildPhase;
			buildActionMask = 2147483647;
			files = (
			);
			inputPaths = (
			);
			name = "[CP] Embed Pods Frameworks";
			outputPaths = (
			);
			runOnlyForDeploymentPostprocessing = 0;
			shellPath = /bin/sh;
			shellScript = "\"${SRCROOT}/Pods/Target Support Files/Pods-NewsDemo/Pods-NewsDemo-frameworks.sh\"\n";
			showEnvVarsInLog = 0;
		};
		8D2F79B26DA31FD7CA791F06 /* [CP] Check Pods Manifest.lock */ = {
			isa = PBXShellScriptBuildPhase;
			buildActionMask = 2147483647;
			files = (
			);
			inputPaths = (
			);
			name = "[CP] Check Pods Manifest.lock";
			outputPaths = (
			);
			runOnlyForDeploymentPostprocessing = 0;
			shellPath = /bin/sh;
			shellScript = "diff \"${PODS_PODFILE_DIR_PATH}/Podfile.lock\" \"${PODS_ROOT}/Manifest.lock\" > /dev/null\nif [ $? != 0 ] ; then\n    # print error to STDERR\n    echo \"error: The sandbox is not in sync with the Podfile.lock. Run 'pod install' or update your CocoaPods installation.\" >&2\n    exit 1\nfi\n";
			showEnvVarsInLog = 0;
		};
		A1609D5E89F57784438609DD /* [CP] Copy Pods Resources */ = {
			isa = PBXShellScriptBuildPhase;
			buildActionMask = 2147483647;
			files = (
			);
			inputPaths = (
			);
			name = "[CP] Copy Pods Resources";
			outputPaths = (
			);
			runOnlyForDeploymentPostprocessing = 0;
			shellPath = /bin/sh;
			shellScript = "\"${SRCROOT}/Pods/Target Support Files/Pods-NewsDemoTests/Pods-NewsDemoTests-resources.sh\"\n";
			showEnvVarsInLog = 0;
		};
/* End PBXShellScriptBuildPhase section */

/* Begin PBXSourcesBuildPhase section */
		B612FC521EF166D400A5CA02 /* Sources */ = {
			isa = PBXSourcesBuildPhase;
			buildActionMask = 2147483647;
			files = (
				B612FC7A1EF1670400A5CA02 /* TopStoriesViewController.swift in Sources */,
				B62CE2011EF17053006E9DB6 /* ArticleTableCell.swift in Sources */,
				B612FC5A1EF166D400A5CA02 /* AppDelegate.swift in Sources */,
				B612FC841EF167F700A5CA02 /* DataManager.swift in Sources */,
				B612FC881EF16C2400A5CA02 /* ArticleViewModel.swift in Sources */,
				B612FC821EF167E500A5CA02 /* Article.swift in Sources */,
				B67D3ECD1EF1A44D00BECF0E /* Errors.swift in Sources */,
				B67D3EBD1EF17E1C00BECF0E /* Endpoints.swift in Sources */,
				B62CE2061EF17431006E9DB6 /* LocalStorageManager.swift in Sources */,
				B67D3EC21EF1817200BECF0E /* ConfigValues.swift in Sources */,
			);
			runOnlyForDeploymentPostprocessing = 0;
		};
		B612FC661EF166D400A5CA02 /* Sources */ = {
			isa = PBXSourcesBuildPhase;
			buildActionMask = 2147483647;
			files = (
				B67D3EC91EF1A07300BECF0E /* XCTestCaseExtensions.swift in Sources */,
				B67D3ECB1EF1A0EF00BECF0E /* ArticlesViewModelTests.swift in Sources */,
				B612FC6F1EF166D400A5CA02 /* DataManagerTests.swift in Sources */,
			);
			runOnlyForDeploymentPostprocessing = 0;
		};
/* End PBXSourcesBuildPhase section */

/* Begin PBXTargetDependency section */
		B612FC6C1EF166D400A5CA02 /* PBXTargetDependency */ = {
			isa = PBXTargetDependency;
			target = B612FC551EF166D400A5CA02 /* NewsDemo */;
			targetProxy = B612FC6B1EF166D400A5CA02 /* PBXContainerItemProxy */;
		};
/* End PBXTargetDependency section */

/* Begin PBXVariantGroup section */
		B612FC5D1EF166D400A5CA02 /* Main.storyboard */ = {
			isa = PBXVariantGroup;
			children = (
				B612FC5E1EF166D400A5CA02 /* Base */,
			);
			name = Main.storyboard;
			sourceTree = "<group>";
		};
		B612FC621EF166D400A5CA02 /* LaunchScreen.storyboard */ = {
			isa = PBXVariantGroup;
			children = (
				B612FC631EF166D400A5CA02 /* Base */,
			);
			name = LaunchScreen.storyboard;
			sourceTree = "<group>";
		};
/* End PBXVariantGroup section */

/* Begin XCBuildConfiguration section */
		B612FC711EF166D400A5CA02 /* Debug */ = {
			isa = XCBuildConfiguration;
			buildSettings = {
				ALWAYS_SEARCH_USER_PATHS = NO;
				CLANG_ANALYZER_NONNULL = YES;
				CLANG_ANALYZER_NUMBER_OBJECT_CONVERSION = YES_AGGRESSIVE;
				CLANG_CXX_LANGUAGE_STANDARD = "gnu++0x";
				CLANG_CXX_LIBRARY = "libc++";
				CLANG_ENABLE_MODULES = YES;
				CLANG_ENABLE_OBJC_ARC = YES;
				CLANG_WARN_BOOL_CONVERSION = YES;
				CLANG_WARN_CONSTANT_CONVERSION = YES;
				CLANG_WARN_DIRECT_OBJC_ISA_USAGE = YES_ERROR;
				CLANG_WARN_DOCUMENTATION_COMMENTS = YES;
				CLANG_WARN_EMPTY_BODY = YES;
				CLANG_WARN_ENUM_CONVERSION = YES;
				CLANG_WARN_INFINITE_RECURSION = YES;
				CLANG_WARN_INT_CONVERSION = YES;
				CLANG_WARN_OBJC_ROOT_CLASS = YES_ERROR;
				CLANG_WARN_SUSPICIOUS_MOVE = YES;
				CLANG_WARN_UNREACHABLE_CODE = YES;
				CLANG_WARN__DUPLICATE_METHOD_MATCH = YES;
				"CODE_SIGN_IDENTITY[sdk=iphoneos*]" = "iPhone Developer";
				COPY_PHASE_STRIP = NO;
				DEBUG_INFORMATION_FORMAT = dwarf;
				ENABLE_STRICT_OBJC_MSGSEND = YES;
				ENABLE_TESTABILITY = YES;
				GCC_C_LANGUAGE_STANDARD = gnu99;
				GCC_DYNAMIC_NO_PIC = NO;
				GCC_NO_COMMON_BLOCKS = YES;
				GCC_OPTIMIZATION_LEVEL = 0;
				GCC_PREPROCESSOR_DEFINITIONS = (
					"DEBUG=1",
					"$(inherited)",
				);
				GCC_WARN_64_TO_32_BIT_CONVERSION = YES;
				GCC_WARN_ABOUT_RETURN_TYPE = YES_ERROR;
				GCC_WARN_UNDECLARED_SELECTOR = YES;
				GCC_WARN_UNINITIALIZED_AUTOS = YES_AGGRESSIVE;
				GCC_WARN_UNUSED_FUNCTION = YES;
				GCC_WARN_UNUSED_VARIABLE = YES;
				IPHONEOS_DEPLOYMENT_TARGET = 10.3;
				MTL_ENABLE_DEBUG_INFO = YES;
				ONLY_ACTIVE_ARCH = YES;
				SDKROOT = iphoneos;
				SWIFT_ACTIVE_COMPILATION_CONDITIONS = DEBUG;
				SWIFT_OPTIMIZATION_LEVEL = "-Onone";
				TARGETED_DEVICE_FAMILY = "1,2";
			};
			name = Debug;
		};
		B612FC721EF166D400A5CA02 /* Release */ = {
			isa = XCBuildConfiguration;
			buildSettings = {
				ALWAYS_SEARCH_USER_PATHS = NO;
				CLANG_ANALYZER_NONNULL = YES;
				CLANG_ANALYZER_NUMBER_OBJECT_CONVERSION = YES_AGGRESSIVE;
				CLANG_CXX_LANGUAGE_STANDARD = "gnu++0x";
				CLANG_CXX_LIBRARY = "libc++";
				CLANG_ENABLE_MODULES = YES;
				CLANG_ENABLE_OBJC_ARC = YES;
				CLANG_WARN_BOOL_CONVERSION = YES;
				CLANG_WARN_CONSTANT_CONVERSION = YES;
				CLANG_WARN_DIRECT_OBJC_ISA_USAGE = YES_ERROR;
				CLANG_WARN_DOCUMENTATION_COMMENTS = YES;
				CLANG_WARN_EMPTY_BODY = YES;
				CLANG_WARN_ENUM_CONVERSION = YES;
				CLANG_WARN_INFINITE_RECURSION = YES;
				CLANG_WARN_INT_CONVERSION = YES;
				CLANG_WARN_OBJC_ROOT_CLASS = YES_ERROR;
				CLANG_WARN_SUSPICIOUS_MOVE = YES;
				CLANG_WARN_UNREACHABLE_CODE = YES;
				CLANG_WARN__DUPLICATE_METHOD_MATCH = YES;
				"CODE_SIGN_IDENTITY[sdk=iphoneos*]" = "iPhone Developer";
				COPY_PHASE_STRIP = NO;
				DEBUG_INFORMATION_FORMAT = "dwarf-with-dsym";
				ENABLE_NS_ASSERTIONS = NO;
				ENABLE_STRICT_OBJC_MSGSEND = YES;
				GCC_C_LANGUAGE_STANDARD = gnu99;
				GCC_NO_COMMON_BLOCKS = YES;
				GCC_WARN_64_TO_32_BIT_CONVERSION = YES;
				GCC_WARN_ABOUT_RETURN_TYPE = YES_ERROR;
				GCC_WARN_UNDECLARED_SELECTOR = YES;
				GCC_WARN_UNINITIALIZED_AUTOS = YES_AGGRESSIVE;
				GCC_WARN_UNUSED_FUNCTION = YES;
				GCC_WARN_UNUSED_VARIABLE = YES;
				IPHONEOS_DEPLOYMENT_TARGET = 10.3;
				MTL_ENABLE_DEBUG_INFO = NO;
				SDKROOT = iphoneos;
				SWIFT_OPTIMIZATION_LEVEL = "-Owholemodule";
				TARGETED_DEVICE_FAMILY = "1,2";
				VALIDATE_PRODUCT = YES;
			};
			name = Release;
		};
		B612FC741EF166D400A5CA02 /* Debug */ = {
			isa = XCBuildConfiguration;
			baseConfigurationReference = B465CF39570B6D566CB09A70 /* Pods-NewsDemo.debug.xcconfig */;
			buildSettings = {
				ASSETCATALOG_COMPILER_APPICON_NAME = AppIcon;
				INFOPLIST_FILE = NewsDemo/Info.plist;
				LD_RUNPATH_SEARCH_PATHS = "$(inherited) @executable_path/Frameworks";
				PRODUCT_BUNDLE_IDENTIFIER = com.gzp.NewsDemo;
				PRODUCT_NAME = "$(TARGET_NAME)";
				SWIFT_VERSION = 3.0;
			};
			name = Debug;
		};
		B612FC751EF166D400A5CA02 /* Release */ = {
			isa = XCBuildConfiguration;
			baseConfigurationReference = 2EEE38A549002778CA60E793 /* Pods-NewsDemo.release.xcconfig */;
			buildSettings = {
				ASSETCATALOG_COMPILER_APPICON_NAME = AppIcon;
				INFOPLIST_FILE = NewsDemo/Info.plist;
				LD_RUNPATH_SEARCH_PATHS = "$(inherited) @executable_path/Frameworks";
				PRODUCT_BUNDLE_IDENTIFIER = com.gzp.NewsDemo;
				PRODUCT_NAME = "$(TARGET_NAME)";
				SWIFT_VERSION = 3.0;
			};
			name = Release;
		};
		B612FC771EF166D400A5CA02 /* Debug */ = {
			isa = XCBuildConfiguration;
			baseConfigurationReference = 2F6F4F1E18311447F577518A /* Pods-NewsDemoTests.debug.xcconfig */;
			buildSettings = {
				ALWAYS_EMBED_SWIFT_STANDARD_LIBRARIES = YES;
				BUNDLE_LOADER = "$(TEST_HOST)";
				INFOPLIST_FILE = NewsDemoTests/Info.plist;
				LD_RUNPATH_SEARCH_PATHS = "$(inherited) @executable_path/Frameworks @loader_path/Frameworks";
				PRODUCT_BUNDLE_IDENTIFIER = com.gzp.NewsDemoTests;
				PRODUCT_NAME = "$(TARGET_NAME)";
				SWIFT_VERSION = 3.0;
				TEST_HOST = "$(BUILT_PRODUCTS_DIR)/NewsDemo.app/NewsDemo";
			};
			name = Debug;
		};
		B612FC781EF166D400A5CA02 /* Release */ = {
			isa = XCBuildConfiguration;
			baseConfigurationReference = 6274716CFFB3BD04FC7A3DC0 /* Pods-NewsDemoTests.release.xcconfig */;
			buildSettings = {
				ALWAYS_EMBED_SWIFT_STANDARD_LIBRARIES = YES;
				BUNDLE_LOADER = "$(TEST_HOST)";
				INFOPLIST_FILE = NewsDemoTests/Info.plist;
				LD_RUNPATH_SEARCH_PATHS = "$(inherited) @executable_path/Frameworks @loader_path/Frameworks";
				PRODUCT_BUNDLE_IDENTIFIER = com.gzp.NewsDemoTests;
				PRODUCT_NAME = "$(TARGET_NAME)";
				SWIFT_VERSION = 3.0;
				TEST_HOST = "$(BUILT_PRODUCTS_DIR)/NewsDemo.app/NewsDemo";
			};
			name = Release;
		};
/* End XCBuildConfiguration section */

/* Begin XCConfigurationList section */
		B612FC511EF166D400A5CA02 /* Build configuration list for PBXProject "NewsDemo" */ = {
			isa = XCConfigurationList;
			buildConfigurations = (
				B612FC711EF166D400A5CA02 /* Debug */,
				B612FC721EF166D400A5CA02 /* Release */,
			);
			defaultConfigurationIsVisible = 0;
			defaultConfigurationName = Release;
		};
		B612FC731EF166D400A5CA02 /* Build configuration list for PBXNativeTarget "NewsDemo" */ = {
			isa = XCConfigurationList;
			buildConfigurations = (
				B612FC741EF166D400A5CA02 /* Debug */,
				B612FC751EF166D400A5CA02 /* Release */,
			);
			defaultConfigurationIsVisible = 0;
			defaultConfigurationName = Release;
		};
		B612FC761EF166D400A5CA02 /* Build configuration list for PBXNativeTarget "NewsDemoTests" */ = {
			isa = XCConfigurationList;
			buildConfigurations = (
				B612FC771EF166D400A5CA02 /* Debug */,
				B612FC781EF166D400A5CA02 /* Release */,
			);
			defaultConfigurationIsVisible = 0;
			defaultConfigurationName = Release;
		};
/* End XCConfigurationList section */
	};
	rootObject = B612FC4E1EF166D400A5CA02 /* Project object */;
}
